
Microsoft Visual Studio Solution File, Format Version 11.00
# Visual Studio 2010
Project("{FAE04EC0-301F-11D3-BF4B-00C04F79EFBC}") = "ThriftSample", "ThriftSample\ThriftSample.csproj", "{0917A19B-639E-4802-8B06-5F5C79DE104C}"
EndProject
Project("{FAE04EC0-301F-11D3-BF4B-00C04F79EFBC}") = "ThriftMSBuildTask", "ThriftMSBuildTask\ThriftMSBuildTask.csproj", "{E035ECB9-2584-46A8-AC9C-5B23110ADDEE}"
EndProject
Global
	GlobalSection(SolutionConfigurationPlatforms) = preSolution
		Debug|Any CPU = Debug|Any CPU
		Release|Any CPU = Release|Any CPU
	EndGlobalSection
	GlobalSection(ProjectConfigurationPlatforms) = postSolution
		{0917A19B-639E-4802-8B06-5F5C79DE104C}.Debug|Any CPU.ActiveCfg = Debug|Any CPU
		{0917A19B-639E-4802-8B06-5F5C79DE104C}.Debug|Any CPU.Build.0 = Debug|Any CPU
		{0917A19B-639E-4802-8B06-5F5C79DE104C}.Release|Any CPU.ActiveCfg = Release|Any CPU
		{0917A19B-639E-4802-8B06-5F5C79DE104C}.Release|Any CPU.Build.0 = Release|Any CPU
		{E035ECB9-2584-46A8-AC9C-5B23110ADDEE}.Debug|Any CPU.ActiveCfg = Debug|Any CPU
		{E035ECB9-2584-46A8-AC9C-5B23110ADDEE}.Debug|Any CPU.Build.0 = Debug|Any CPU
		{E035ECB9-2584-46A8-AC9C-5B23110ADDEE}.Release|Any CPU.ActiveCfg = Release|Any CPU
		{E035ECB9-2584-46A8-AC9C-5B23110ADDEE}.Release|Any CPU.Build.0 = Release|Any CPU
	EndGlobalSection
	GlobalSection(SolutionProperties) = preSolution
		HideSolutionNode = FALSE
	EndGlobalSection
EndGlobal
